
Microsoft Visual Studio Solution File, Format Version 12.00
# Visual Studio Version 17
VisualStudioVersion = 17.9.34723.18
MinimumVisualStudioVersion = 10.0.40219.1
Project("{FAE04EC0-301F-11D3-BF4B-00C04F79EFBC}") = "almacen_productos", "almacen_productos\almacen_productos.csproj", "{F967EA96-2A41-4B61-BE0A-B76FFDDB0F58}"
EndProject
Global
	GlobalSection(SolutionConfigurationPlatforms) = preSolution
		Debug|Any CPU = Debug|Any CPU
		Release|Any CPU = Release|Any CPU
	EndGlobalSection
	GlobalSection(ProjectConfigurationPlatforms) = postSolution
		{F967EA96-2A41-4B61-BE0A-B76FFDDB0F58}.Debug|Any CPU.ActiveCfg = Debug|Any CPU
		{F967EA96-2A41-4B61-BE0A-B76FFDDB0F58}.Debug|Any CPU.Build.0 = Debug|Any CPU
		{F967EA96-2A41-4B61-BE0A-B76FFDDB0F58}.Release|Any CPU.ActiveCfg = Release|Any CPU
		{F967EA96-2A41-4B61-BE0A-B76FFDDB0F58}.Release|Any CPU.Build.0 = Release|Any CPU
	EndGlobalSection
	GlobalSection(SolutionProperties) = preSolution
		HideSolutionNode = FALSE
	EndGlobalSection
	GlobalSection(ExtensibilityGlobals) = postSolution
		SolutionGuid = {91E0879E-C240-471F-BECC-B63866902860}
	EndGlobalSection
EndGlobal
